Microsoft Visual Studio Solution File, Format Version 12.00
# Visual Studio 2012
Project("{FAE04EC0-301F-11D3-BF4B-00C04F79EFBC}") = "game jam1", "game jam1.csproj", "{D9AEE895-EE09-435C-9B35-8A8A438FCCAA}"
EndProject
Global
	GlobalSection(SolutionConfigurationPlatforms) = preSolution
	Debug|Any CPU = Debug|Any CPU
	ExportDebug|Any CPU = ExportDebug|Any CPU
	ExportRelease|Any CPU = ExportRelease|Any CPU
	EndGlobalSection
	GlobalSection(ProjectConfigurationPlatforms) = postSolution
		{D9AEE895-EE09-435C-9B35-8A8A438FCCAA}.Debug|Any CPU.ActiveCfg = Debug|Any CPU
		{D9AEE895-EE09-435C-9B35-8A8A438FCCAA}.Debug|Any CPU.Build.0 = Debug|Any CPU
		{D9AEE895-EE09-435C-9B35-8A8A438FCCAA}.ExportDebug|Any CPU.ActiveCfg = ExportDebug|Any CPU
		{D9AEE895-EE09-435C-9B35-8A8A438FCCAA}.ExportDebug|Any CPU.Build.0 = ExportDebug|Any CPU
		{D9AEE895-EE09-435C-9B35-8A8A438FCCAA}.ExportRelease|Any CPU.ActiveCfg = ExportRelease|Any CPU
		{D9AEE895-EE09-435C-9B35-8A8A438FCCAA}.ExportRelease|Any CPU.Build.0 = ExportRelease|Any CPU
	EndGlobalSection
EndGlobal
